
Microsoft Visual Studio Solution File, Format Version 12.00
# Visual Studio 2013
VisualStudioVersion = 12.0.31101.0
MinimumVisualStudioVersion = 10.0.40219.1
Project("{FAE04EC0-301F-11D3-BF4B-00C04F79EFBC}") = "UM007.EChartsPackaging", "UM007.EChartsPackaging\UM007.EChartsPackaging.csproj", "{38D8ECBF-2C34-428C-AABE-F91319B80C73}"
EndProject
Project("{FAE04EC0-301F-11D3-BF4B-00C04F79EFBC}") = "EChartsOption", "EChartsOption\EChartsOption.csproj", "{FCDE381C-1071-42AA-85CF-DFB7FE80B5B1}"
EndProject
Project("{FAE04EC0-301F-11D3-BF4B-00C04F79EFBC}") = "UM007.EChartsPackaging.UnitTest", "UM007.EChartsPackaging.UnitTest\UM007.EChartsPackaging.UnitTest.csproj", "{7CA7DCC8-1CDF-4D5C-8D8D-F074698EBE76}"
EndProject
Global
	GlobalSection(SolutionConfigurationPlatforms) = preSolution
		Debug|Any CPU = Debug|Any CPU
		Release|Any CPU = Release|Any CPU
	EndGlobalSection
	GlobalSection(ProjectConfigurationPlatforms) = postSolution
		{38D8ECBF-2C34-428C-AABE-F91319B80C73}.Debug|Any CPU.ActiveCfg = Debug|Any CPU
		{38D8ECBF-2C34-428C-AABE-F91319B80C73}.Debug|Any CPU.Build.0 = Debug|Any CPU
		{38D8ECBF-2C34-428C-AABE-F91319B80C73}.Release|Any CPU.ActiveCfg = Release|Any CPU
		{38D8ECBF-2C34-428C-AABE-F91319B80C73}.Release|Any CPU.Build.0 = Release|Any CPU
		{FCDE381C-1071-42AA-85CF-DFB7FE80B5B1}.Debug|Any CPU.ActiveCfg = Debug|Any CPU
		{FCDE381C-1071-42AA-85CF-DFB7FE80B5B1}.Debug|Any CPU.Build.0 = Debug|Any CPU
		{FCDE381C-1071-42AA-85CF-DFB7FE80B5B1}.Release|Any CPU.ActiveCfg = Release|Any CPU
		{FCDE381C-1071-42AA-85CF-DFB7FE80B5B1}.Release|Any CPU.Build.0 = Release|Any CPU
		{7CA7DCC8-1CDF-4D5C-8D8D-F074698EBE76}.Debug|Any CPU.ActiveCfg = Debug|Any CPU
		{7CA7DCC8-1CDF-4D5C-8D8D-F074698EBE76}.Debug|Any CPU.Build.0 = Debug|Any CPU
		{7CA7DCC8-1CDF-4D5C-8D8D-F074698EBE76}.Release|Any CPU.ActiveCfg = Release|Any CPU
		{7CA7DCC8-1CDF-4D5C-8D8D-F074698EBE76}.Release|Any CPU.Build.0 = Release|Any CPU
	EndGlobalSection
	GlobalSection(SolutionProperties) = preSolution
		HideSolutionNode = FALSE
	EndGlobalSection
EndGlobal
